
Microsoft Visual Studio Solution File, Format Version 12.00
# Visual Studio Version 16
VisualStudioVersion = 16.0.30621.155
MinimumVisualStudioVersion = 10.0.40219.1
Project("{9A19103F-16F7-4668-BE54-9A1E7A4F7556}") = "ProyectoAPI", "ProyectoAPI\ProyectoAPI.csproj", "{95E561E2-FAA6-4448-B748-A852ADFB6BC6}"
	ProjectSection(ProjectDependencies) = postProject
		{A80475A0-9A8B-4D9F-9842-9DB467C57992} = {A80475A0-9A8B-4D9F-9842-9DB467C57992}
	EndProjectSection
EndProject
Project("{9A19103F-16F7-4668-BE54-9A1E7A4F7556}") = "ArbolB", "ArbolB\ArbolB.csproj", "{A80475A0-9A8B-4D9F-9842-9DB467C57992}"
EndProject
Project("{9A19103F-16F7-4668-BE54-9A1E7A4F7556}") = "ArbolConsola", "ArbolConsola\ArbolConsola.csproj", "{9A0B5F70-CE11-4AE1-AD39-B95601EC4FAF}"
EndProject
Global
	GlobalSection(SolutionConfigurationPlatforms) = preSolution
		Debug|Any CPU = Debug|Any CPU
		Release|Any CPU = Release|Any CPU
	EndGlobalSection
	GlobalSection(ProjectConfigurationPlatforms) = postSolution
		{95E561E2-FAA6-4448-B748-A852ADFB6BC6}.Debug|Any CPU.ActiveCfg = Debug|Any CPU
		{95E561E2-FAA6-4448-B748-A852ADFB6BC6}.Debug|Any CPU.Build.0 = Debug|Any CPU
		{95E561E2-FAA6-4448-B748-A852ADFB6BC6}.Release|Any CPU.ActiveCfg = Release|Any CPU
		{95E561E2-FAA6-4448-B748-A852ADFB6BC6}.Release|Any CPU.Build.0 = Release|Any CPU
		{A80475A0-9A8B-4D9F-9842-9DB467C57992}.Debug|Any CPU.ActiveCfg = Debug|Any CPU
		{A80475A0-9A8B-4D9F-9842-9DB467C57992}.Debug|Any CPU.Build.0 = Debug|Any CPU
		{A80475A0-9A8B-4D9F-9842-9DB467C57992}.Release|Any CPU.ActiveCfg = Release|Any CPU
		{A80475A0-9A8B-4D9F-9842-9DB467C57992}.Release|Any CPU.Build.0 = Release|Any CPU
		{9A0B5F70-CE11-4AE1-AD39-B95601EC4FAF}.Debug|Any CPU.ActiveCfg = Debug|Any CPU
		{9A0B5F70-CE11-4AE1-AD39-B95601EC4FAF}.Debug|Any CPU.Build.0 = Debug|Any CPU
		{9A0B5F70-CE11-4AE1-AD39-B95601EC4FAF}.Release|Any CPU.ActiveCfg = Release|Any CPU
		{9A0B5F70-CE11-4AE1-AD39-B95601EC4FAF}.Release|Any CPU.Build.0 = Release|Any CPU
	EndGlobalSection
	GlobalSection(SolutionProperties) = preSolution
		HideSolutionNode = FALSE
	EndGlobalSection
	GlobalSection(ExtensibilityGlobals) = postSolution
		SolutionGuid = {1DE3E9DB-2076-4CA6-9930-7B023DCEF54D}
	EndGlobalSection
EndGlobal
